
Microsoft Visual Studio Solution File, Format Version 12.00
# Visual Studio Version 17
VisualStudioVersion = 17.3.32804.467
MinimumVisualStudioVersion = 10.0.40219.1
Project("{9A19103F-16F7-4668-BE54-9A1E7A4F7556}") = "SIgnin Manager", "SIgnin Manager.csproj", "{2E8433FD-55E5-427A-8B41-05066F7F1393}"
EndProject
Project("{FAE04EC0-301F-11D3-BF4B-00C04F79EFBC}") = "ConsumeWebApi", "..\..\projects\ConsumeWebApi\ConsumeWebApi.csproj", "{5BE92C70-9511-45F0-8450-B336CADFB8E9}"
EndProject
Global
	GlobalSection(SolutionConfigurationPlatforms) = preSolution
		Debug|Any CPU = Debug|Any CPU
		Release|Any CPU = Release|Any CPU
	EndGlobalSection
	GlobalSection(ProjectConfigurationPlatforms) = postSolution
		{2E8433FD-55E5-427A-8B41-05066F7F1393}.Debug|Any CPU.ActiveCfg = Debug|Any CPU
		{2E8433FD-55E5-427A-8B41-05066F7F1393}.Debug|Any CPU.Build.0 = Debug|Any CPU
		{2E8433FD-55E5-427A-8B41-05066F7F1393}.Release|Any CPU.ActiveCfg = Release|Any CPU
		{2E8433FD-55E5-427A-8B41-05066F7F1393}.Release|Any CPU.Build.0 = Release|Any CPU
		{5BE92C70-9511-45F0-8450-B336CADFB8E9}.Debug|Any CPU.ActiveCfg = Debug|Any CPU
		{5BE92C70-9511-45F0-8450-B336CADFB8E9}.Debug|Any CPU.Build.0 = Debug|Any CPU
		{5BE92C70-9511-45F0-8450-B336CADFB8E9}.Release|Any CPU.ActiveCfg = Release|Any CPU
		{5BE92C70-9511-45F0-8450-B336CADFB8E9}.Release|Any CPU.Build.0 = Release|Any CPU
	EndGlobalSection
	GlobalSection(SolutionProperties) = preSolution
		HideSolutionNode = FALSE
	EndGlobalSection
	GlobalSection(ExtensibilityGlobals) = postSolution
		SolutionGuid = {42468924-9128-400B-8BA8-05A5421DFAE9}
	EndGlobalSection
EndGlobal
